
Microsoft Visual Studio Solution File, Format Version 12.00
# Visual Studio Version 17
VisualStudioVersion = 17.7.34031.279
MinimumVisualStudioVersion = 10.0.40219.1
Project("{8BC9CEB8-8B4A-11D0-8D11-00A0C91BC942}") = "iterview_test_assignment", "iterview_test_assignment.vcxproj", "{FF19572A-9E7C-4BFD-80F9-1023D3FFA13D}"
EndProject
Global
	GlobalSection(SolutionConfigurationPlatforms) = preSolution
		Debug|x64 = Debug|x64
		Debug|x86 = Debug|x86
		Release|x64 = Release|x64
		Release|x86 = Release|x86
	EndGlobalSection
	GlobalSection(ProjectConfigurationPlatforms) = postSolution
		{FF19572A-9E7C-4BFD-80F9-1023D3FFA13D}.Debug|x64.ActiveCfg = Debug|x64
		{FF19572A-9E7C-4BFD-80F9-1023D3FFA13D}.Debug|x64.Build.0 = Debug|x64
		{FF19572A-9E7C-4BFD-80F9-1023D3FFA13D}.Debug|x86.ActiveCfg = Debug|Win32
		{FF19572A-9E7C-4BFD-80F9-1023D3FFA13D}.Debug|x86.Build.0 = Debug|Win32
		{FF19572A-9E7C-4BFD-80F9-1023D3FFA13D}.Release|x64.ActiveCfg = Release|x64
		{FF19572A-9E7C-4BFD-80F9-1023D3FFA13D}.Release|x64.Build.0 = Release|x64
		{FF19572A-9E7C-4BFD-80F9-1023D3FFA13D}.Release|x86.ActiveCfg = Release|Win32
		{FF19572A-9E7C-4BFD-80F9-1023D3FFA13D}.Release|x86.Build.0 = Release|Win32
	EndGlobalSection
	GlobalSection(SolutionProperties) = preSolution
		HideSolutionNode = FALSE
	EndGlobalSection
	GlobalSection(ExtensibilityGlobals) = postSolution
		SolutionGuid = {D689EFB2-6588-46EB-9A32-373A038657AF}
	EndGlobalSection
EndGlobal
